// !$*UTF8*$!
{
	archiveVersion = 1;
	classes = {
	};
	objectVersion = 46;
	objects = {

/* Begin PBXBuildFile section */
		C210B5C81D5D0EB00034E059 /* AppDelegate.swift in Sources */ = {isa = PBXBuildFile; fileRef = C210B5C71D5D0EB00034E059 /* AppDelegate.swift */; };
		C210B5CA1D5D0EB00034E059 /* ViewController.swift in Sources */ = {isa = PBXBuildFile; fileRef = C210B5C91D5D0EB00034E059 /* ViewController.swift */; };
		C210B5CD1D5D0EB00034E059 /* Main.storyboard in Resources */ = {isa = PBXBuildFile; fileRef = C210B5CB1D5D0EB00034E059 /* Main.storyboard */; };
		C210B5CF1D5D0EB00034E059 /* Assets.xcassets in Resources */ = {isa = PBXBuildFile; fileRef = C210B5CE1D5D0EB00034E059 /* Assets.xcassets */; };
		C210B5D21D5D0EB00034E059 /* LaunchScreen.storyboard in Resources */ = {isa = PBXBuildFile; fileRef = C210B5D01D5D0EB00034E059 /* LaunchScreen.storyboard */; };
/* End PBXBuildFile section */

/* Begin PBXFileReference section */
		C210B5C41D5D0EB00034E059 /* Candy Land Cards.app */ = {isa = PBXFileReference; explicitFileType = wrapper.application; includeInIndex = 0; path = "Candy Land Cards.app"; sourceTree = BUILT_PRODUCTS_DIR; };
		C210B5C71D5D0EB00034E059 /* AppDelegate.swift */ = {isa = PBXFileReference; lastKnownFileType = sourcecode.swift; path = AppDelegate.swift; sourceTree = "<group>"; };
		C210B5C91D5D0EB00034E059 /* ViewController.swift */ = {isa = PBXFileReference; lastKnownFileType = sourcecode.swift; path = ViewController.swift; sourceTree = "<group>"; };
		C210B5CC1D5D0EB00034E059 /* Base */ = {isa = PBXFileReference; lastKnownFileType = file.storyboard; name = Base; path = Base.lproj/Main.storyboard; sourceTree = "<group>"; };
		C210B5CE1D5D0EB00034E059 /* Assets.xcassets */ = {isa = PBXFileReference; lastKnownFileType = folder.assetcatalog; path = Assets.xcassets; sourceTree = "<group>"; };
		C210B5D11D5D0EB00034E059 /* Base */ = {isa = PBXFileReference; lastKnownFileType = file.storyboard; name = Base; path = Base.lproj/LaunchScreen.storyboard; sourceTree = "<group>"; };
		C210B5D31D5D0EB00034E059 /* Info.plist */ = {isa = PBXFileReference; lastKnownFileType = text.plist.xml; path = Info.plist; sourceTree = "<group>"; };
/* End PBXFileReference section */

/* Begin PBXFrameworksBuildPhase section */
		C210B5C11D5D0EB00034E059 /* Frameworks */ = {
			isa = PBXFrameworksBuildPhase;
			buildActionMask = 2147483647;
			files = (
			);
			runOnlyForDeploymentPostprocessing = 0;
		};
/* End PBXFrameworksBuildPhase section */

/* Begin PBXGroup section */
		C210B5BB1D5D0EB00034E059 = {
			isa = PBXGroup;
			children = (
				C210B5C61D5D0EB00034E059 /* Candy Land Cards */,
				C210B5C51D5D0EB00034E059 /* Products */,
			);
			sourceTree = "<group>";
		};
		C210B5C51D5D0EB00034E059 /* Products */ = {
			isa = PBXGroup;
			children = (
				C210B5C41D5D0EB00034E059 /* Candy Land Cards.app */,
			);
			name = Products;
			sourceTree = "<group>";
		};
		C210B5C61D5D0EB00034E059 /* Candy Land Cards */ = {
			isa = PBXGroup;
			children = (
				C210B5C71D5D0EB00034E059 /* AppDelegate.swift */,
				C210B5C91D5D0EB00034E059 /* ViewController.swift */,
				C210B5CB1D5D0EB00034E059 /* Main.storyboard */,
				C210B5CE1D5D0EB00034E059 /* Assets.xcassets */,
				C210B5D01D5D0EB00034E059 /* LaunchScreen.storyboard */,
				C210B5D31D5D0EB00034E059 /* Info.plist */,
			);
			path = "Candy Land Cards";
			sourceTree = "<group>";
		};
/* End PBXGroup section */

/* Begin PBXNativeTarget section */
		C210B5C31D5D0EB00034E059 /* Candy Land Cards */ = {
			isa = PBXNativeTarget;
			buildConfigurationList = C210B5D61D5D0EB00034E059 /* Build configuration list for PBXNativeTarget "Candy Land Cards" */;
			buildPhases = (
				C210B5C01D5D0EB00034E059 /* Sources */,
				C210B5C11D5D0EB00034E059 /* Frameworks */,
				C210B5C21D5D0EB00034E059 /* Resources */,
			);
			buildRules = (
			);
			dependencies = (
			);
			name = "Candy Land Cards";
			productName = "Candy Land Cards";
			productReference = C210B5C41D5D0EB00034E059 /* Candy Land Cards.app */;
			productType = "com.apple.product-type.application";
		};
/* End PBXNativeTarget section */

/* Begin PBXProject section */
		C210B5BC1D5D0EB00034E059 /* Project object */ = {
			isa = PBXProject;
			attributes = {
				LastSwiftUpdateCheck = 0730;
				LastUpgradeCheck = 0730;
				ORGANIZATIONNAME = "Cedeno Enterprise Inc.";
				TargetAttributes = {
					C210B5C31D5D0EB00034E059 = {
						CreatedOnToolsVersion = 7.3.1;
					};
				};
			};
			buildConfigurationList = C210B5BF1D5D0EB00034E059 /* Build configuration list for PBXProject "Candy Land Cards" */;
			compatibilityVersion = "Xcode 3.2";
			developmentRegion = English;
			hasScannedForEncodings = 0;
			knownRegions = (
				en,
				Base,
			);
			mainGroup = C210B5BB1D5D0EB00034E059;
			productRefGroup = C210B5C51D5D0EB00034E059 /* Products */;
			projectDirPath = "";
			projectRoot = "";
			targets = (
				C210B5C31D5D0EB00034E059 /* Candy Land Cards */,
			);
		};
/* End PBXProject section */

/* Begin PBXResourcesBuildPhase section */
		C210B5C21D5D0EB00034E059 /* Resources */ = {
			isa = PBXResourcesBuildPhase;
			buildActionMask = 2147483647;
			files = (
				C210B5D21D5D0EB00034E059 /* LaunchScreen.storyboard in Resources */,
				C210B5CF1D5D0EB00034E059 /* Assets.xcassets in Resources */,
				C210B5CD1D5D0EB00034E059 /* Main.storyboard in Resources */,
			);
			runOnlyForDeploymentPostprocessing = 0;
		};
/* End PBXResourcesBuildPhase section */

/* Begin PBXSourcesBuildPhase section */
		C210B5C01D5D0EB00034E059 /* Sources */ = {
			isa = PBXSourcesBuildPhase;
			buildActionMask = 2147483647;
			files = (
				C210B5CA1D5D0EB00034E059 /* ViewController.swift in Sources */,
				C210B5C81D5D0EB00034E059 /* AppDelegate.swift in Sources */,
			);
			runOnlyForDeploymentPostprocessing = 0;
		};
/* End PBXSourcesBuildPhase section */

/* Begin PBXVariantGroup section */
		C210B5CB1D5D0EB00034E059 /* Main.storyboard */ = {
			isa = PBXVariantGroup;
			children = (
				C210B5CC1D5D0EB00034E059 /* Base */,
			);
			name = Main.storyboard;
			sourceTree = "<group>";
		};
		C210B5D01D5D0EB00034E059 /* LaunchScreen.storyboard */ = {
			isa = PBXVariantGroup;
			children = (
				C210B5D11D5D0EB00034E059 /* Base */,
			);
			name = LaunchScreen.storyboard;
			sourceTree = "<group>";
		};
/* End PBXVariantGroup section */

/* Begin XCBuildConfiguration section */
		C210B5D41D5D0EB00034E059 /* Debug */ = {
			isa = XCBuildConfiguration;
			buildSettings = {
				ALWAYS_SEARCH_USER_PATHS = NO;
				CLANG_ANALYZER_NONNULL = YES;
				CLANG_CXX_LANGUAGE_STANDARD = "gnu++0x";
				CLANG_CXX_LIBRARY = "libc++";
				CLANG_ENABLE_MODULES = YES;
				CLANG_ENABLE_OBJC_ARC = YES;
				CLANG_WARN_BOOL_CONVERSION = YES;
				CLANG_WARN_CONSTANT_CONVERSION = YES;
				CLANG_WARN_DIRECT_OBJC_ISA_USAGE = YES_ERROR;
				CLANG_WARN_EMPTY_BODY = YES;
				CLANG_WARN_ENUM_CONVERSION = YES;
				CLANG_WARN_INT_CONVERSION = YES;
				CLANG_WARN_OBJC_ROOT_CLASS = YES_ERROR;
				CLANG_WARN_UNREACHABLE_CODE = YES;
				CLANG_WARN__DUPLICATE_METHOD_MATCH = YES;
				"CODE_SIGN_IDENTITY[sdk=iphoneos*]" = "iPhone Developer";
				COPY_PHASE_STRIP = NO;
				DEBUG_INFORMATION_FORMAT = dwarf;
				ENABLE_STRICT_OBJC_MSGSEND = YES;
				ENABLE_TESTABILITY = YES;
				GCC_C_LANGUAGE_STANDARD = gnu99;
				GCC_DYNAMIC_NO_PIC = NO;
				GCC_NO_COMMON_BLOCKS = YES;
				GCC_OPTIMIZATION_LEVEL = 0;
				GCC_PREPROCESSOR_DEFINITIONS = (
					"DEBUG=1",
					"$(inherited)",
				);
				GCC_WARN_64_TO_32_BIT_CONVERSION = YES;
				GCC_WARN_ABOUT_RETURN_TYPE = YES_ERROR;
				GCC_WARN_UNDECLARED_SELECTOR = YES;
				GCC_WARN_UNINITIALIZED_AUTOS = YES_AGGRESSIVE;
				GCC_WARN_UNUSED_FUNCTION = YES;
				GCC_WARN_UNUSED_VARIABLE = YES;
				IPHONEOS_DEPLOYMENT_TARGET = 9.3;
				MTL_ENABLE_DEBUG_INFO = YES;
				ONLY_ACTIVE_ARCH = YES;
				SDKROOT = iphoneos;
				SWIFT_OPTIMIZATION_LEVEL = "-Onone";
			};
			name = Debug;
		};
		C210B5D51D5D0EB00034E059 /* Release */ = {
			isa = XCBuildConfiguration;
			buildSettings = {
				ALWAYS_SEARCH_USER_PATHS = NO;
				CLANG_ANALYZER_NONNULL = YES;
				CLANG_CXX_LANGUAGE_STANDARD = "gnu++0x";
				CLANG_CXX_LIBRARY = "libc++";
				CLANG_ENABLE_MODULES = YES;
				CLANG_ENABLE_OBJC_ARC = YES;
				CLANG_WARN_BOOL_CONVERSION = YES;
				CLANG_WARN_CONSTANT_CONVERSION = YES;
				CLANG_WARN_DIRECT_OBJC_ISA_USAGE = YES_ERROR;
				CLANG_WARN_EMPTY_BODY = YES;
				CLANG_WARN_ENUM_CONVERSION = YES;
				CLANG_WARN_INT_CONVERSION = YES;
				CLANG_WARN_OBJC_ROOT_CLASS = YES_ERROR;
				CLANG_WARN_UNREACHABLE_CODE = YES;
				CLANG_WARN__DUPLICATE_METHOD_MATCH = YES;
				"CODE_SIGN_IDENTITY[sdk=iphoneos*]" = "iPhone Developer";
				COPY_PHASE_STRIP = NO;
				DEBUG_INFORMATION_FORMAT = "dwarf-with-dsym";
				ENABLE_NS_ASSERTIONS = NO;
				ENABLE_STRICT_OBJC_MSGSEND = YES;
				GCC_C_LANGUAGE_STANDARD = gnu99;
				GCC_NO_COMMON_BLOCKS = YES;
				GCC_WARN_64_TO_32_BIT_CONVERSION = YES;
				GCC_WARN_ABOUT_RETURN_TYPE = YES_ERROR;
				GCC_WARN_UNDECLARED_SELECTOR = YES;
				GCC_WARN_UNINITIALIZED_AUTOS = YES_AGGRESSIVE;
				GCC_WARN_UNUSED_FUNCTION = YES;
				GCC_WARN_UNUSED_VARIABLE = YES;
				IPHONEOS_DEPLOYMENT_TARGET = 9.3;
				MTL_ENABLE_DEBUG_INFO = NO;
				SDKROOT = iphoneos;
				VALIDATE_PRODUCT = YES;
			};
			name = Release;
		};
		C210B5D71D5D0EB00034E059 /* Debug */ = {
			isa = XCBuildConfiguration;
			buildSettings = {
				ASSETCATALOG_COMPILER_APPICON_NAME = AppIcon;
				INFOPLIST_FILE = "Candy Land Cards/Info.plist";
				LD_RUNPATH_SEARCH_PATHS = "$(inherited) @executable_path/Frameworks";
				PRODUCT_BUNDLE_IDENTIFIER = "com.CedenoEnterpriseInc.Octavio.Candy-Land-Cards";
				PRODUCT_NAME = "$(TARGET_NAME)";
			};
			name = Debug;
		};
		C210B5D81D5D0EB00034E059 /* Release */ = {
			isa = XCBuildConfiguration;
			buildSettings = {
				ASSETCATALOG_COMPILER_APPICON_NAME = AppIcon;
				INFOPLIST_FILE = "Candy Land Cards/Info.plist";
				LD_RUNPATH_SEARCH_PATHS = "$(inherited) @executable_path/Frameworks";
				PRODUCT_BUNDLE_IDENTIFIER = "com.CedenoEnterpriseInc.Octavio.Candy-Land-Cards";
				PRODUCT_NAME = "$(TARGET_NAME)";
			};
			name = Release;
		};
/* End XCBuildConfiguration section */

/* Begin XCConfigurationList section */
		C210B5BF1D5D0EB00034E059 /* Build configuration list for PBXProject "Candy Land Cards" */ = {
			isa = XCConfigurationList;
			buildConfigurations = (
				C210B5D41D5D0EB00034E059 /* Debug */,
				C210B5D51D5D0EB00034E059 /* Release */,
			);
			defaultConfigurationIsVisible = 0;
			defaultConfigurationName = Release;
		};
		C210B5D61D5D0EB00034E059 /* Build configuration list for PBXNativeTarget "Candy Land Cards" */ = {
			isa = XCConfigurationList;
			buildConfigurations = (
				C210B5D71D5D0EB00034E059 /* Debug */,
				C210B5D81D5D0EB00034E059 /* Release */,
			);
			defaultConfigurationIsVisible = 0;
		};
/* End XCConfigurationList section */
	};
	rootObject = C210B5BC1D5D0EB00034E059 /* Project object */;
}
